
Microsoft Visual Studio Solution File, Format Version 12.00
# Visual Studio 15
VisualStudioVersion = 15.0.27130.2027
MinimumVisualStudioVersion = 10.0.40219.1
Project("{9A19103F-16F7-4668-BE54-9A1E7A4F7556}") = "dotnetItinero", "dotnetItinero\dotnetItinero.csproj", "{9851E0A5-BF7B-488F-852A-2040C9A7B9EE}"
EndProject
Project("{FAE04EC0-301F-11D3-BF4B-00C04F79EFBC}") = "Process", "Process\Process.csproj", "{ECA51464-D3BD-40EC-B82E-A88EEDFF35B1}"
EndProject
Global
	GlobalSection(SolutionConfigurationPlatforms) = preSolution
		Debug|Any CPU = Debug|Any CPU
		Release|Any CPU = Release|Any CPU
	EndGlobalSection
	GlobalSection(ProjectConfigurationPlatforms) = postSolution
		{9851E0A5-BF7B-488F-852A-2040C9A7B9EE}.Debug|Any CPU.ActiveCfg = Debug|Any CPU
		{9851E0A5-BF7B-488F-852A-2040C9A7B9EE}.Debug|Any CPU.Build.0 = Debug|Any CPU
		{9851E0A5-BF7B-488F-852A-2040C9A7B9EE}.Release|Any CPU.ActiveCfg = Release|Any CPU
		{9851E0A5-BF7B-488F-852A-2040C9A7B9EE}.Release|Any CPU.Build.0 = Release|Any CPU
		{ECA51464-D3BD-40EC-B82E-A88EEDFF35B1}.Debug|Any CPU.ActiveCfg = Debug|Any CPU
		{ECA51464-D3BD-40EC-B82E-A88EEDFF35B1}.Debug|Any CPU.Build.0 = Debug|Any CPU
		{ECA51464-D3BD-40EC-B82E-A88EEDFF35B1}.Release|Any CPU.ActiveCfg = Release|Any CPU
		{ECA51464-D3BD-40EC-B82E-A88EEDFF35B1}.Release|Any CPU.Build.0 = Release|Any CPU
	EndGlobalSection
	GlobalSection(SolutionProperties) = preSolution
		HideSolutionNode = FALSE
	EndGlobalSection
	GlobalSection(ExtensibilityGlobals) = postSolution
		SolutionGuid = {8356B5CE-BC37-43B9-9526-10FDAC478C6C}
	EndGlobalSection
EndGlobal
